<?xml version="1.0" encoding="utf-8"?>
<Project ToolsVersion="4.0" xmlns="http://schemas.microsoft.com/developer/msbuild/2003">
  <ItemGroup>
    <Filter Include="Source Files">
      <UniqueIdentifier>{4FC737F1-C7A5-4376-A066-2A32D752A2FF}</UniqueIdentifier>
      <Extensions>cpp;c;cc;cxx;def;odl;idl;hpj;bat;asm;asmx</Extensions>
    </Filter>
    <Filter Include="API">
      <UniqueIdentifier>{790cffe0-2942-477d-b69a-075aaf13c710}</UniqueIdentifier>
    </Filter>
    <Filter Include="Utils">
      <UniqueIdentifier>{f68d2e2a-73f8-4ca1-bf29-c0293da10c07}</UniqueIdentifier>
    </Filter>
  </ItemGroup>
  <ItemGroup>
    <ClCompile Include="DllMain.cpp">
      <Filter>Source Files</Filter>
    </ClCompile>
    <ClCompile Include="Hooking.cpp">
      <Filter>Utils</Filter>
    </ClCompile>
    <ClCompile Include="Logger.cpp">
      <Filter>Utils</Filter>
    </ClCompile>
    <ClCompile Include="DashHook.cpp">
      <Filter>Source Files</Filter>
    </ClCompile>
    <ClCompile Include="Pattern.cpp">
      <Filter>Utils</Filter>
    </ClCompile>
  </ItemGroup>
  <ItemGroup>
    <ClInclude Include="Main.h">
      <Filter>Source Files</Filter>
    </ClInclude>
    <ClInclude Include="DashHook.h">
      <Filter>API</Filter>
    </ClInclude>
    <ClInclude Include="Hooking.h">
      <Filter>Utils</Filter>
    </ClInclude>
    <ClInclude Include="Logger.hpp">
      <Filter>Utils</Filter>
    </ClInclude>
    <ClInclude Include="Pattern.h">
      <Filter>Utils</Filter>
    </ClInclude>
    <ClInclude Include="DashHook-Extended.h">
      <Filter>API</Filter>
    </ClInclude>
  </ItemGroup>
  <ItemGroup>
    <ResourceCompile Include="DashHook.rc" />
  </ItemGroup>
</Project>